<Solution>
  <Folder Name="/src/">
    <Project Path="src/Bipe.Application/Bipe.Application.csproj" />
    <Project Path="src/Bipe.Domain/Bipe.Domain.csproj" />
    <Project Path="src/Bipe.Infrastructure/Bipe.Infrastructure.csproj" />
    <Project Path="src/Bipe.Web/Bipe.Web.csproj" />
  </Folder>
  <Folder Name="/tests/">
    <Project Path="tests/Bipe.Domain.Tests/Bipe.Domain.Tests.csproj" />
    <Project Path="tests/Bipe.Integration.Tests/Bipe.Integration.Tests.csproj" />
  </Folder>
</Solution>
